
Microsoft Visual Studio Solution File, Format Version 12.00
# Visual Studio Version 17
VisualStudioVersion = 17.8.34322.80
MinimumVisualStudioVersion = 10.0.40219.1
Project("{FAE04EC0-301F-11D3-BF4B-00C04F79EFBC}") = "WCRUD_IL29", "WCRUD_IL29.csproj", "{E73C7361-CF9C-4189-8A59-EB89DA690CBC}"
EndProject
Global
	GlobalSection(SolutionConfigurationPlatforms) = preSolution
		Debug|Any CPU = Debug|Any CPU
		Release|Any CPU = Release|Any CPU
	EndGlobalSection
	GlobalSection(ProjectConfigurationPlatforms) = postSolution
		{E73C7361-CF9C-4189-8A59-EB89DA690CBC}.Debug|Any CPU.ActiveCfg = Debug|Any CPU
		{E73C7361-CF9C-4189-8A59-EB89DA690CBC}.Debug|Any CPU.Build.0 = Debug|Any CPU
		{E73C7361-CF9C-4189-8A59-EB89DA690CBC}.Release|Any CPU.ActiveCfg = Release|Any CPU
		{E73C7361-CF9C-4189-8A59-EB89DA690CBC}.Release|Any CPU.Build.0 = Release|Any CPU
	EndGlobalSection
	GlobalSection(SolutionProperties) = preSolution
		HideSolutionNode = FALSE
	EndGlobalSection
	GlobalSection(ExtensibilityGlobals) = postSolution
		SolutionGuid = {48044165-787D-4848-BEA5-F8D965560983}
	EndGlobalSection
EndGlobal
